
Microsoft Visual Studio Solution File, Format Version 10.00
# Visual Studio 2008
Project("{FAE04EC0-301F-11D3-BF4B-00C04F79EFBC}") = "Tema 2", "Tema 2\Tema 2.csproj", "{B782E0BF-7F22-41C6-9084-95F00755D441}"
EndProject
Global
	GlobalSection(SolutionConfigurationPlatforms) = preSolution
		Debug|Any CPU = Debug|Any CPU
		Release|Any CPU = Release|Any CPU
	EndGlobalSection
	GlobalSection(ProjectConfigurationPlatforms) = postSolution
		{B782E0BF-7F22-41C6-9084-95F00755D441}.Debug|Any CPU.ActiveCfg = Debug|Any CPU
		{B782E0BF-7F22-41C6-9084-95F00755D441}.Debug|Any CPU.Build.0 = Debug|Any CPU
		{B782E0BF-7F22-41C6-9084-95F00755D441}.Release|Any CPU.ActiveCfg = Release|Any CPU
		{B782E0BF-7F22-41C6-9084-95F00755D441}.Release|Any CPU.Build.0 = Release|Any CPU
	EndGlobalSection
	GlobalSection(SolutionProperties) = preSolution
		HideSolutionNode = FALSE
	EndGlobalSection
EndGlobal
